
Microsoft Visual Studio Solution File, Format Version 11.00
# Visual Studio 2010
Project("{FAE04EC0-301F-11D3-BF4B-00C04F79EFBC}") = "HomeManagement", "HomeManagement\HomeManagement.csproj", "{0576A619-E07C-4596-9256-F69EC209F6B4}"
EndProject
Project("{FAE04EC0-301F-11D3-BF4B-00C04F79EFBC}") = "DataLayer", "DataLayer\DataLayer.csproj", "{0A049263-83C2-43DF-B58B-B5A426EBB960}"
EndProject
Project("{FAE04EC0-301F-11D3-BF4B-00C04F79EFBC}") = "TestConsoleDriver", "TestConsoleDriver\TestConsoleDriver.csproj", "{28DDC9B1-153F-4355-9C86-31F086AC9C36}"
EndProject
Project("{FAE04EC0-301F-11D3-BF4B-00C04F79EFBC}") = "HomeManagement.Web", "HomeManagement.Web\HomeManagement.Web.csproj", "{23283F2B-721D-44E9-ACD0-83BD321E4481}"
EndProject
Global
	GlobalSection(SolutionConfigurationPlatforms) = preSolution
		Debug|Any CPU = Debug|Any CPU
		Debug|Mixed Platforms = Debug|Mixed Platforms
		Debug|x86 = Debug|x86
		Release|Any CPU = Release|Any CPU
		Release|Mixed Platforms = Release|Mixed Platforms
		Release|x86 = Release|x86
	EndGlobalSection
	GlobalSection(ProjectConfigurationPlatforms) = postSolution
		{0576A619-E07C-4596-9256-F69EC209F6B4}.Debug|Any CPU.ActiveCfg = Debug|Any CPU
		{0576A619-E07C-4596-9256-F69EC209F6B4}.Debug|Any CPU.Build.0 = Debug|Any CPU
		{0576A619-E07C-4596-9256-F69EC209F6B4}.Debug|Mixed Platforms.ActiveCfg = Debug|Any CPU
		{0576A619-E07C-4596-9256-F69EC209F6B4}.Debug|Mixed Platforms.Build.0 = Debug|Any CPU
		{0576A619-E07C-4596-9256-F69EC209F6B4}.Debug|x86.ActiveCfg = Debug|Any CPU
		{0576A619-E07C-4596-9256-F69EC209F6B4}.Release|Any CPU.ActiveCfg = Release|Any CPU
		{0576A619-E07C-4596-9256-F69EC209F6B4}.Release|Any CPU.Build.0 = Release|Any CPU
		{0576A619-E07C-4596-9256-F69EC209F6B4}.Release|Mixed Platforms.ActiveCfg = Release|Any CPU
		{0576A619-E07C-4596-9256-F69EC209F6B4}.Release|Mixed Platforms.Build.0 = Release|Any CPU
		{0576A619-E07C-4596-9256-F69EC209F6B4}.Release|x86.ActiveCfg = Release|Any CPU
		{0A049263-83C2-43DF-B58B-B5A426EBB960}.Debug|Any CPU.ActiveCfg = Debug|Any CPU
		{0A049263-83C2-43DF-B58B-B5A426EBB960}.Debug|Any CPU.Build.0 = Debug|Any CPU
		{0A049263-83C2-43DF-B58B-B5A426EBB960}.Debug|Mixed Platforms.ActiveCfg = Debug|Any CPU
		{0A049263-83C2-43DF-B58B-B5A426EBB960}.Debug|Mixed Platforms.Build.0 = Debug|Any CPU
		{0A049263-83C2-43DF-B58B-B5A426EBB960}.Debug|x86.ActiveCfg = Debug|Any CPU
		{0A049263-83C2-43DF-B58B-B5A426EBB960}.Release|Any CPU.ActiveCfg = Release|Any CPU
		{0A049263-83C2-43DF-B58B-B5A426EBB960}.Release|Any CPU.Build.0 = Release|Any CPU
		{0A049263-83C2-43DF-B58B-B5A426EBB960}.Release|Mixed Platforms.ActiveCfg = Release|Any CPU
		{0A049263-83C2-43DF-B58B-B5A426EBB960}.Release|Mixed Platforms.Build.0 = Release|Any CPU
		{0A049263-83C2-43DF-B58B-B5A426EBB960}.Release|x86.ActiveCfg = Release|Any CPU
		{28DDC9B1-153F-4355-9C86-31F086AC9C36}.Debug|Any CPU.ActiveCfg = Debug|x86
		{28DDC9B1-153F-4355-9C86-31F086AC9C36}.Debug|Mixed Platforms.ActiveCfg = Debug|x86
		{28DDC9B1-153F-4355-9C86-31F086AC9C36}.Debug|Mixed Platforms.Build.0 = Debug|x86
		{28DDC9B1-153F-4355-9C86-31F086AC9C36}.Debug|x86.ActiveCfg = Debug|x86
		{28DDC9B1-153F-4355-9C86-31F086AC9C36}.Debug|x86.Build.0 = Debug|x86
		{28DDC9B1-153F-4355-9C86-31F086AC9C36}.Release|Any CPU.ActiveCfg = Release|x86
		{28DDC9B1-153F-4355-9C86-31F086AC9C36}.Release|Mixed Platforms.ActiveCfg = Release|x86
		{28DDC9B1-153F-4355-9C86-31F086AC9C36}.Release|Mixed Platforms.Build.0 = Release|x86
		{28DDC9B1-153F-4355-9C86-31F086AC9C36}.Release|x86.ActiveCfg = Release|x86
		{28DDC9B1-153F-4355-9C86-31F086AC9C36}.Release|x86.Build.0 = Release|x86
		{23283F2B-721D-44E9-ACD0-83BD321E4481}.Debug|Any CPU.ActiveCfg = Debug|Any CPU
		{23283F2B-721D-44E9-ACD0-83BD321E4481}.Debug|Any CPU.Build.0 = Debug|Any CPU
		{23283F2B-721D-44E9-ACD0-83BD321E4481}.Debug|Mixed Platforms.ActiveCfg = Debug|Any CPU
		{23283F2B-721D-44E9-ACD0-83BD321E4481}.Debug|Mixed Platforms.Build.0 = Debug|Any CPU
		{23283F2B-721D-44E9-ACD0-83BD321E4481}.Debug|x86.ActiveCfg = Debug|Any CPU
		{23283F2B-721D-44E9-ACD0-83BD321E4481}.Release|Any CPU.ActiveCfg = Release|Any CPU
		{23283F2B-721D-44E9-ACD0-83BD321E4481}.Release|Any CPU.Build.0 = Release|Any CPU
		{23283F2B-721D-44E9-ACD0-83BD321E4481}.Release|Mixed Platforms.ActiveCfg = Release|Any CPU
		{23283F2B-721D-44E9-ACD0-83BD321E4481}.Release|Mixed Platforms.Build.0 = Release|Any CPU
		{23283F2B-721D-44E9-ACD0-83BD321E4481}.Release|x86.ActiveCfg = Release|Any CPU
	EndGlobalSection
	GlobalSection(SolutionProperties) = preSolution
		HideSolutionNode = FALSE
	EndGlobalSection
EndGlobal
